
Microsoft Visual Studio Solution File, Format Version 12.00
# Visual Studio Version 17
VisualStudioVersion = 17.7.34031.279
MinimumVisualStudioVersion = 10.0.40219.1
Project("{FAE04EC0-301F-11D3-BF4B-00C04F79EFBC}") = "TestGoogleDriveProject", "TestGoogleDriveProject\TestGoogleDriveProject.csproj", "{781AA98E-19C0-4CD0-BB72-AFEAA451499D}"
EndProject
Global
	GlobalSection(SolutionConfigurationPlatforms) = preSolution
		Debug|Any CPU = Debug|Any CPU
		Release|Any CPU = Release|Any CPU
	EndGlobalSection
	GlobalSection(ProjectConfigurationPlatforms) = postSolution
		{781AA98E-19C0-4CD0-BB72-AFEAA451499D}.Debug|Any CPU.ActiveCfg = Debug|Any CPU
		{781AA98E-19C0-4CD0-BB72-AFEAA451499D}.Debug|Any CPU.Build.0 = Debug|Any CPU
		{781AA98E-19C0-4CD0-BB72-AFEAA451499D}.Release|Any CPU.ActiveCfg = Release|Any CPU
		{781AA98E-19C0-4CD0-BB72-AFEAA451499D}.Release|Any CPU.Build.0 = Release|Any CPU
	EndGlobalSection
	GlobalSection(SolutionProperties) = preSolution
		HideSolutionNode = FALSE
	EndGlobalSection
	GlobalSection(ExtensibilityGlobals) = postSolution
		SolutionGuid = {E6C739DA-A35B-459F-B6F6-CDAB71BF0884}
	EndGlobalSection
EndGlobal
